// !$*UTF8*$!
{
	archiveVersion = 1;
	classes = {
	};
	objectVersion = 50;
	objects = {

/* Begin PBXBuildFile section */
		D9C657572699C621003D03A7 /* AppDelegate.swift in Sources */ = {isa = PBXBuildFile; fileRef = D9C657562699C621003D03A7 /* AppDelegate.swift */; };
		D9C657592699C621003D03A7 /* SceneDelegate.swift in Sources */ = {isa = PBXBuildFile; fileRef = D9C657582699C621003D03A7 /* SceneDelegate.swift */; };
		D9C6575E2699C621003D03A7 /* Main.storyboard in Resources */ = {isa = PBXBuildFile; fileRef = D9C6575C2699C621003D03A7 /* Main.storyboard */; };
		D9C657602699C623003D03A7 /* Assets.xcassets in Resources */ = {isa = PBXBuildFile; fileRef = D9C6575F2699C623003D03A7 /* Assets.xcassets */; };
		D9C657632699C623003D03A7 /* LaunchScreen.storyboard in Resources */ = {isa = PBXBuildFile; fileRef = D9C657612699C623003D03A7 /* LaunchScreen.storyboard */; };
		D9C6576B2699C6C1003D03A7 /* ColorsTableVC.swift in Sources */ = {isa = PBXBuildFile; fileRef = D9C6576A2699C6C1003D03A7 /* ColorsTableVC.swift */; };
		D9C6576D2699C955003D03A7 /* ColorsDetailVC.swift in Sources */ = {isa = PBXBuildFile; fileRef = D9C6576C2699C955003D03A7 /* ColorsDetailVC.swift */; };
		D9C6576F2699D6B4003D03A7 /* UIColor+Ext.swift in Sources */ = {isa = PBXBuildFile; fileRef = D9C6576E2699D6B4003D03A7 /* UIColor+Ext.swift */; };
/* End PBXBuildFile section */

/* Begin PBXFileReference section */
		D9C657532699C621003D03A7 /* RandomColor.app */ = {isa = PBXFileReference; explicitFileType = wrapper.application; includeInIndex = 0; path = RandomColor.app; sourceTree = BUILT_PRODUCTS_DIR; };
		D9C657562699C621003D03A7 /* AppDelegate.swift */ = {isa = PBXFileReference; lastKnownFileType = sourcecode.swift; path = AppDelegate.swift; sourceTree = "<group>"; };
		D9C657582699C621003D03A7 /* SceneDelegate.swift */ = {isa = PBXFileReference; lastKnownFileType = sourcecode.swift; path = SceneDelegate.swift; sourceTree = "<group>"; };
		D9C6575D2699C621003D03A7 /* Base */ = {isa = PBXFileReference; lastKnownFileType = file.storyboard; name = Base; path = Base.lproj/Main.storyboard; sourceTree = "<group>"; };
		D9C6575F2699C623003D03A7 /* Assets.xcassets */ = {isa = PBXFileReference; lastKnownFileType = folder.assetcatalog; path = Assets.xcassets; sourceTree = "<group>"; };
		D9C657622699C623003D03A7 /* Base */ = {isa = PBXFileReference; lastKnownFileType = file.storyboard; name = Base; path = Base.lproj/LaunchScreen.storyboard; sourceTree = "<group>"; };
		D9C657642699C623003D03A7 /* Info.plist */ = {isa = PBXFileReference; lastKnownFileType = text.plist.xml; path = Info.plist; sourceTree = "<group>"; };
		D9C6576A2699C6C1003D03A7 /* ColorsTableVC.swift */ = {isa = PBXFileReference; lastKnownFileType = sourcecode.swift; path = ColorsTableVC.swift; sourceTree = "<group>"; };
		D9C6576C2699C955003D03A7 /* ColorsDetailVC.swift */ = {isa = PBXFileReference; lastKnownFileType = sourcecode.swift; path = ColorsDetailVC.swift; sourceTree = "<group>"; };
		D9C6576E2699D6B4003D03A7 /* UIColor+Ext.swift */ = {isa = PBXFileReference; lastKnownFileType = sourcecode.swift; path = "UIColor+Ext.swift"; sourceTree = "<group>"; };
/* End PBXFileReference section */

/* Begin PBXFrameworksBuildPhase section */
		D9C657502699C621003D03A7 /* Frameworks */ = {
			isa = PBXFrameworksBuildPhase;
			buildActionMask = 2147483647;
			files = (
			);
			runOnlyForDeploymentPostprocessing = 0;
		};
/* End PBXFrameworksBuildPhase section */

/* Begin PBXGroup section */
		D9C6574A2699C620003D03A7 = {
			isa = PBXGroup;
			children = (
				D9C657552699C621003D03A7 /* RandomColor */,
				D9C657542699C621003D03A7 /* Products */,
			);
			sourceTree = "<group>";
		};
		D9C657542699C621003D03A7 /* Products */ = {
			isa = PBXGroup;
			children = (
				D9C657532699C621003D03A7 /* RandomColor.app */,
			);
			name = Products;
			sourceTree = "<group>";
		};
		D9C657552699C621003D03A7 /* RandomColor */ = {
			isa = PBXGroup;
			children = (
				D9C657562699C621003D03A7 /* AppDelegate.swift */,
				D9C657582699C621003D03A7 /* SceneDelegate.swift */,
				D9C6576A2699C6C1003D03A7 /* ColorsTableVC.swift */,
				D9C6576C2699C955003D03A7 /* ColorsDetailVC.swift */,
				D9C6575C2699C621003D03A7 /* Main.storyboard */,
				D9C6575F2699C623003D03A7 /* Assets.xcassets */,
				D9C657612699C623003D03A7 /* LaunchScreen.storyboard */,
				D9C657642699C623003D03A7 /* Info.plist */,
				D9C6576E2699D6B4003D03A7 /* UIColor+Ext.swift */,
			);
			path = RandomColor;
			sourceTree = "<group>";
		};
/* End PBXGroup section */

/* Begin PBXNativeTarget section */
		D9C657522699C621003D03A7 /* RandomColor */ = {
			isa = PBXNativeTarget;
			buildConfigurationList = D9C657672699C623003D03A7 /* Build configuration list for PBXNativeTarget "RandomColor" */;
			buildPhases = (
				D9C6574F2699C621003D03A7 /* Sources */,
				D9C657502699C621003D03A7 /* Frameworks */,
				D9C657512699C621003D03A7 /* Resources */,
			);
			buildRules = (
			);
			dependencies = (
			);
			name = RandomColor;
			productName = RandomColor;
			productReference = D9C657532699C621003D03A7 /* RandomColor.app */;
			productType = "com.apple.product-type.application";
		};
/* End PBXNativeTarget section */

/* Begin PBXProject section */
		D9C6574B2699C620003D03A7 /* Project object */ = {
			isa = PBXProject;
			attributes = {
				LastSwiftUpdateCheck = 1250;
				LastUpgradeCheck = 1250;
				TargetAttributes = {
					D9C657522699C621003D03A7 = {
						CreatedOnToolsVersion = 12.5.1;
					};
				};
			};
			buildConfigurationList = D9C6574E2699C620003D03A7 /* Build configuration list for PBXProject "RandomColor" */;
			compatibilityVersion = "Xcode 9.3";
			developmentRegion = en;
			hasScannedForEncodings = 0;
			knownRegions = (
				en,
				Base,
			);
			mainGroup = D9C6574A2699C620003D03A7;
			productRefGroup = D9C657542699C621003D03A7 /* Products */;
			projectDirPath = "";
			projectRoot = "";
			targets = (
				D9C657522699C621003D03A7 /* RandomColor */,
			);
		};
/* End PBXProject section */

/* Begin PBXResourcesBuildPhase section */
		D9C657512699C621003D03A7 /* Resources */ = {
			isa = PBXResourcesBuildPhase;
			buildActionMask = 2147483647;
			files = (
				D9C657632699C623003D03A7 /* LaunchScreen.storyboard in Resources */,
				D9C657602699C623003D03A7 /* Assets.xcassets in Resources */,
				D9C6575E2699C621003D03A7 /* Main.storyboard in Resources */,
			);
			runOnlyForDeploymentPostprocessing = 0;
		};
/* End PBXResourcesBuildPhase section */

/* Begin PBXSourcesBuildPhase section */
		D9C6574F2699C621003D03A7 /* Sources */ = {
			isa = PBXSourcesBuildPhase;
			buildActionMask = 2147483647;
			files = (
				D9C6576B2699C6C1003D03A7 /* ColorsTableVC.swift in Sources */,
				D9C6576D2699C955003D03A7 /* ColorsDetailVC.swift in Sources */,
				D9C6576F2699D6B4003D03A7 /* UIColor+Ext.swift in Sources */,
				D9C657572699C621003D03A7 /* AppDelegate.swift in Sources */,
				D9C657592699C621003D03A7 /* SceneDelegate.swift in Sources */,
			);
			runOnlyForDeploymentPostprocessing = 0;
		};
/* End PBXSourcesBuildPhase section */

/* Begin PBXVariantGroup section */
		D9C6575C2699C621003D03A7 /* Main.storyboard */ = {
			isa = PBXVariantGroup;
			children = (
				D9C6575D2699C621003D03A7 /* Base */,
			);
			name = Main.storyboard;
			sourceTree = "<group>";
		};
		D9C657612699C623003D03A7 /* LaunchScreen.storyboard */ = {
			isa = PBXVariantGroup;
			children = (
				D9C657622699C623003D03A7 /* Base */,
			);
			name = LaunchScreen.storyboard;
			sourceTree = "<group>";
		};
/* End PBXVariantGroup section */

/* Begin XCBuildConfiguration section */
		D9C657652699C623003D03A7 /* Debug */ = {
			isa = XCBuildConfiguration;
			buildSettings = {
				ALWAYS_SEARCH_USER_PATHS = NO;
				CLANG_ANALYZER_NONNULL = YES;
				CLANG_ANALYZER_NUMBER_OBJECT_CONVERSION = YES_AGGRESSIVE;
				CLANG_CXX_LANGUAGE_STANDARD = "gnu++14";
				CLANG_CXX_LIBRARY = "libc++";
				CLANG_ENABLE_MODULES = YES;
				CLANG_ENABLE_OBJC_ARC = YES;
				CLANG_ENABLE_OBJC_WEAK = YES;
				CLANG_WARN_BLOCK_CAPTURE_AUTORELEASING = YES;
				CLANG_WARN_BOOL_CONVERSION = YES;
				CLANG_WARN_COMMA = YES;
				CLANG_WARN_CONSTANT_CONVERSION = YES;
				CLANG_WARN_DEPRECATED_OBJC_IMPLEMENTATIONS = YES;
				CLANG_WARN_DIRECT_OBJC_ISA_USAGE = YES_ERROR;
				CLANG_WARN_DOCUMENTATION_COMMENTS = YES;
				CLANG_WARN_EMPTY_BODY = YES;
				CLANG_WARN_ENUM_CONVERSION = YES;
				CLANG_WARN_INFINITE_RECURSION = YES;
				CLANG_WARN_INT_CONVERSION = YES;
				CLANG_WARN_NON_LITERAL_NULL_CONVERSION = YES;
				CLANG_WARN_OBJC_IMPLICIT_RETAIN_SELF = YES;
				CLANG_WARN_OBJC_LITERAL_CONVERSION = YES;
				CLANG_WARN_OBJC_ROOT_CLASS = YES_ERROR;
				CLANG_WARN_QUOTED_INCLUDE_IN_FRAMEWORK_HEADER = YES;
				CLANG_WARN_RANGE_LOOP_ANALYSIS = YES;
				CLANG_WARN_STRICT_PROTOTYPES = YES;
				CLANG_WARN_SUSPICIOUS_MOVE = YES;
				CLANG_WARN_UNGUARDED_AVAILABILITY = YES_AGGRESSIVE;
				CLANG_WARN_UNREACHABLE_CODE = YES;
				CLANG_WARN__DUPLICATE_METHOD_MATCH = YES;
				COPY_PHASE_STRIP = NO;
				DEBUG_INFORMATION_FORMAT = dwarf;
				ENABLE_STRICT_OBJC_MSGSEND = YES;
				ENABLE_TESTABILITY = YES;
				GCC_C_LANGUAGE_STANDARD = gnu11;
				GCC_DYNAMIC_NO_PIC = NO;
				GCC_NO_COMMON_BLOCKS = YES;
				GCC_OPTIMIZATION_LEVEL = 0;
				GCC_PREPROCESSOR_DEFINITIONS = (
					"DEBUG=1",
					"$(inherited)",
				);
				GCC_WARN_64_TO_32_BIT_CONVERSION = YES;
				GCC_WARN_ABOUT_RETURN_TYPE = YES_ERROR;
				GCC_WARN_UNDECLARED_SELECTOR = YES;
				GCC_WARN_UNINITIALIZED_AUTOS = YES_AGGRESSIVE;
				GCC_WARN_UNUSED_FUNCTION = YES;
				GCC_WARN_UNUSED_VARIABLE = YES;
				IPHONEOS_DEPLOYMENT_TARGET = 14.5;
				MTL_ENABLE_DEBUG_INFO = INCLUDE_SOURCE;
				MTL_FAST_MATH = YES;
				ONLY_ACTIVE_ARCH = YES;
				SDKROOT = iphoneos;
				SWIFT_ACTIVE_COMPILATION_CONDITIONS = DEBUG;
				SWIFT_OPTIMIZATION_LEVEL = "-Onone";
			};
			name = Debug;
		};
		D9C657662699C623003D03A7 /* Release */ = {
			isa = XCBuildConfiguration;
			buildSettings = {
				ALWAYS_SEARCH_USER_PATHS = NO;
				CLANG_ANALYZER_NONNULL = YES;
				CLANG_ANALYZER_NUMBER_OBJECT_CONVERSION = YES_AGGRESSIVE;
				CLANG_CXX_LANGUAGE_STANDARD = "gnu++14";
				CLANG_CXX_LIBRARY = "libc++";
				CLANG_ENABLE_MODULES = YES;
				CLANG_ENABLE_OBJC_ARC = YES;
				CLANG_ENABLE_OBJC_WEAK = YES;
				CLANG_WARN_BLOCK_CAPTURE_AUTORELEASING = YES;
				CLANG_WARN_BOOL_CONVERSION = YES;
				CLANG_WARN_COMMA = YES;
				CLANG_WARN_CONSTANT_CONVERSION = YES;
				CLANG_WARN_DEPRECATED_OBJC_IMPLEMENTATIONS = YES;
				CLANG_WARN_DIRECT_OBJC_ISA_USAGE = YES_ERROR;
				CLANG_WARN_DOCUMENTATION_COMMENTS = YES;
				CLANG_WARN_EMPTY_BODY = YES;
				CLANG_WARN_ENUM_CONVERSION = YES;
				CLANG_WARN_INFINITE_RECURSION = YES;
				CLANG_WARN_INT_CONVERSION = YES;
				CLANG_WARN_NON_LITERAL_NULL_CONVERSION = YES;
				CLANG_WARN_OBJC_IMPLICIT_RETAIN_SELF = YES;
				CLANG_WARN_OBJC_LITERAL_CONVERSION = YES;
				CLANG_WARN_OBJC_ROOT_CLASS = YES_ERROR;
				CLANG_WARN_QUOTED_INCLUDE_IN_FRAMEWORK_HEADER = YES;
				CLANG_WARN_RANGE_LOOP_ANALYSIS = YES;
				CLANG_WARN_STRICT_PROTOTYPES = YES;
				CLANG_WARN_SUSPICIOUS_MOVE = YES;
				CLANG_WARN_UNGUARDED_AVAILABILITY = YES_AGGRESSIVE;
				CLANG_WARN_UNREACHABLE_CODE = YES;
				CLANG_WARN__DUPLICATE_METHOD_MATCH = YES;
				COPY_PHASE_STRIP = NO;
				DEBUG_INFORMATION_FORMAT = "dwarf-with-dsym";
				ENABLE_NS_ASSERTIONS = NO;
				ENABLE_STRICT_OBJC_MSGSEND = YES;
				GCC_C_LANGUAGE_STANDARD = gnu11;
				GCC_NO_COMMON_BLOCKS = YES;
				GCC_WARN_64_TO_32_BIT_CONVERSION = YES;
				GCC_WARN_ABOUT_RETURN_TYPE = YES_ERROR;
				GCC_WARN_UNDECLARED_SELECTOR = YES;
				GCC_WARN_UNINITIALIZED_AUTOS = YES_AGGRESSIVE;
				GCC_WARN_UNUSED_FUNCTION = YES;
				GCC_WARN_UNUSED_VARIABLE = YES;
				IPHONEOS_DEPLOYMENT_TARGET = 14.5;
				MTL_ENABLE_DEBUG_INFO = NO;
				MTL_FAST_MATH = YES;
				SDKROOT = iphoneos;
				SWIFT_COMPILATION_MODE = wholemodule;
				SWIFT_OPTIMIZATION_LEVEL = "-O";
				VALIDATE_PRODUCT = YES;
			};
			name = Release;
		};
		D9C657682699C623003D03A7 /* Debug */ = {
			isa = XCBuildConfiguration;
			buildSettings = {
				ASSETCATALOG_COMPILER_APPICON_NAME = AppIcon;
				ASSETCATALOG_COMPILER_GLOBAL_ACCENT_COLOR_NAME = AccentColor;
				CODE_SIGN_STYLE = Automatic;
				INFOPLIST_FILE = RandomColor/Info.plist;
				LD_RUNPATH_SEARCH_PATHS = (
					"$(inherited)",
					"@executable_path/Frameworks",
				);
				PRODUCT_BUNDLE_IDENTIFIER = ecatanzani.RandomColor;
				PRODUCT_NAME = "$(TARGET_NAME)";
				SWIFT_VERSION = 5.0;
				TARGETED_DEVICE_FAMILY = "1,2";
			};
			name = Debug;
		};
		D9C657692699C623003D03A7 /* Release */ = {
			isa = XCBuildConfiguration;
			buildSettings = {
				ASSETCATALOG_COMPILER_APPICON_NAME = AppIcon;
				ASSETCATALOG_COMPILER_GLOBAL_ACCENT_COLOR_NAME = AccentColor;
				CODE_SIGN_STYLE = Automatic;
				INFOPLIST_FILE = RandomColor/Info.plist;
				LD_RUNPATH_SEARCH_PATHS = (
					"$(inherited)",
					"@executable_path/Frameworks",
				);
				PRODUCT_BUNDLE_IDENTIFIER = ecatanzani.RandomColor;
				PRODUCT_NAME = "$(TARGET_NAME)";
				SWIFT_VERSION = 5.0;
				TARGETED_DEVICE_FAMILY = "1,2";
			};
			name = Release;
		};
/* End XCBuildConfiguration section */

/* Begin XCConfigurationList section */
		D9C6574E2699C620003D03A7 /* Build configuration list for PBXProject "RandomColor" */ = {
			isa = XCConfigurationList;
			buildConfigurations = (
				D9C657652699C623003D03A7 /* Debug */,
				D9C657662699C623003D03A7 /* Release */,
			);
			defaultConfigurationIsVisible = 0;
			defaultConfigurationName = Release;
		};
		D9C657672699C623003D03A7 /* Build configuration list for PBXNativeTarget "RandomColor" */ = {
			isa = XCConfigurationList;
			buildConfigurations = (
				D9C657682699C623003D03A7 /* Debug */,
				D9C657692699C623003D03A7 /* Release */,
			);
			defaultConfigurationIsVisible = 0;
			defaultConfigurationName = Release;
		};
/* End XCConfigurationList section */
	};
	rootObject = D9C6574B2699C620003D03A7 /* Project object */;
}
